
Microsoft Visual Studio Solution File, Format Version 12.00
# Visual Studio Version 17
VisualStudioVersion = 17.5.33424.131
MinimumVisualStudioVersion = 10.0.40219.1
Project("{FAE04EC0-301F-11D3-BF4B-00C04F79EFBC}") = "Cat", "Cat\Cat.csproj", "{7A76EB1C-C85B-4C25-97F8-7B8B21B3644A}"
EndProject
Global
	GlobalSection(SolutionConfigurationPlatforms) = preSolution
		Debug|Any CPU = Debug|Any CPU
		Release|Any CPU = Release|Any CPU
	EndGlobalSection
	GlobalSection(ProjectConfigurationPlatforms) = postSolution
		{7A76EB1C-C85B-4C25-97F8-7B8B21B3644A}.Debug|Any CPU.ActiveCfg = Debug|Any CPU
		{7A76EB1C-C85B-4C25-97F8-7B8B21B3644A}.Debug|Any CPU.Build.0 = Debug|Any CPU
		{7A76EB1C-C85B-4C25-97F8-7B8B21B3644A}.Release|Any CPU.ActiveCfg = Release|Any CPU
		{7A76EB1C-C85B-4C25-97F8-7B8B21B3644A}.Release|Any CPU.Build.0 = Release|Any CPU
	EndGlobalSection
	GlobalSection(SolutionProperties) = preSolution
		HideSolutionNode = FALSE
	EndGlobalSection
	GlobalSection(ExtensibilityGlobals) = postSolution
		SolutionGuid = {5B1C5D52-B8AD-46CA-8935-FFA2470B71D1}
	EndGlobalSection
EndGlobal
