
Microsoft Visual Studio Solution File, Format Version 12.00
# Visual Studio Version 17
VisualStudioVersion = 17.5.33424.131
MinimumVisualStudioVersion = 10.0.40219.1
Project("{FAE04EC0-301F-11D3-BF4B-00C04F79EFBC}") = "Cat2", "Cat2\Cat2.csproj", "{2D9D067B-8AE9-4289-9137-7F53E3B251BB}"
EndProject
Global
	GlobalSection(SolutionConfigurationPlatforms) = preSolution
		Debug|Any CPU = Debug|Any CPU
		Release|Any CPU = Release|Any CPU
	EndGlobalSection
	GlobalSection(ProjectConfigurationPlatforms) = postSolution
		{2D9D067B-8AE9-4289-9137-7F53E3B251BB}.Debug|Any CPU.ActiveCfg = Debug|Any CPU
		{2D9D067B-8AE9-4289-9137-7F53E3B251BB}.Debug|Any CPU.Build.0 = Debug|Any CPU
		{2D9D067B-8AE9-4289-9137-7F53E3B251BB}.Release|Any CPU.ActiveCfg = Release|Any CPU
		{2D9D067B-8AE9-4289-9137-7F53E3B251BB}.Release|Any CPU.Build.0 = Release|Any CPU
	EndGlobalSection
	GlobalSection(SolutionProperties) = preSolution
		HideSolutionNode = FALSE
	EndGlobalSection
	GlobalSection(ExtensibilityGlobals) = postSolution
		SolutionGuid = {F5F0374F-C7FC-4550-93D6-6B78F0BD0D22}
	EndGlobalSection
EndGlobal
